
Microsoft Visual Studio Solution File, Format Version 12.00
# Visual Studio Version 17
VisualStudioVersion = 17.5.33627.172
MinimumVisualStudioVersion = 10.0.40219.1
Project("{FAE04EC0-301F-11D3-BF4B-00C04F79EFBC}") = "Library", "Library.csproj", "{DF7B6D8D-B715-4707-99B4-E235351BF7EE}"
EndProject
Global
	GlobalSection(SolutionConfigurationPlatforms) = preSolution
		Debug|Any CPU = Debug|Any CPU
		Release|Any CPU = Release|Any CPU
	EndGlobalSection
	GlobalSection(ProjectConfigurationPlatforms) = postSolution
		{DF7B6D8D-B715-4707-99B4-E235351BF7EE}.Debug|Any CPU.ActiveCfg = Debug|Any CPU
		{DF7B6D8D-B715-4707-99B4-E235351BF7EE}.Debug|Any CPU.Build.0 = Debug|Any CPU
		{DF7B6D8D-B715-4707-99B4-E235351BF7EE}.Release|Any CPU.ActiveCfg = Release|Any CPU
		{DF7B6D8D-B715-4707-99B4-E235351BF7EE}.Release|Any CPU.Build.0 = Release|Any CPU
	EndGlobalSection
	GlobalSection(SolutionProperties) = preSolution
		HideSolutionNode = FALSE
	EndGlobalSection
	GlobalSection(ExtensibilityGlobals) = postSolution
		SolutionGuid = {A30E3EE0-2592-4332-B330-F6AFA7AE2188}
	EndGlobalSection
EndGlobal
